
Microsoft Visual Studio Solution File, Format Version 11.00
# Visual Studio 2010
Project("{FAE04EC0-301F-11D3-BF4B-00C04F79EFBC}") = "OneTransitAPI", "OneTransitAPI\OneTransitAPI.csproj", "{D0525C60-B141-4DD3-8485-F7FC3DD80133}"
EndProject
Project("{CC5FD16D-436D-48AD-A40C-5A424C6E3E79}") = "WindowsAzure", "WindowsAzure\WindowsAzure.ccproj", "{C3DED91E-DD53-48A5-B9A4-527EC013BFC0}"
EndProject
Project("{FAE04EC0-301F-11D3-BF4B-00C04F79EFBC}") = "BlobStorageEngine", "BlobStorageEngine\BlobStorageEngine.csproj", "{D1853466-1544-4BFF-8C7E-065CE5A6C571}"
EndProject
Global
	GlobalSection(SolutionConfigurationPlatforms) = preSolution
		Debug|Any CPU = Debug|Any CPU
		Release|Any CPU = Release|Any CPU
	EndGlobalSection
	GlobalSection(ProjectConfigurationPlatforms) = postSolution
		{D0525C60-B141-4DD3-8485-F7FC3DD80133}.Debug|Any CPU.ActiveCfg = Debug|Any CPU
		{D0525C60-B141-4DD3-8485-F7FC3DD80133}.Debug|Any CPU.Build.0 = Debug|Any CPU
		{D0525C60-B141-4DD3-8485-F7FC3DD80133}.Release|Any CPU.ActiveCfg = Release|Any CPU
		{D0525C60-B141-4DD3-8485-F7FC3DD80133}.Release|Any CPU.Build.0 = Release|Any CPU
		{C3DED91E-DD53-48A5-B9A4-527EC013BFC0}.Debug|Any CPU.ActiveCfg = Debug|Any CPU
		{C3DED91E-DD53-48A5-B9A4-527EC013BFC0}.Debug|Any CPU.Build.0 = Debug|Any CPU
		{C3DED91E-DD53-48A5-B9A4-527EC013BFC0}.Release|Any CPU.ActiveCfg = Release|Any CPU
		{C3DED91E-DD53-48A5-B9A4-527EC013BFC0}.Release|Any CPU.Build.0 = Release|Any CPU
		{D1853466-1544-4BFF-8C7E-065CE5A6C571}.Debug|Any CPU.ActiveCfg = Debug|Any CPU
		{D1853466-1544-4BFF-8C7E-065CE5A6C571}.Debug|Any CPU.Build.0 = Debug|Any CPU
		{D1853466-1544-4BFF-8C7E-065CE5A6C571}.Release|Any CPU.ActiveCfg = Release|Any CPU
		{D1853466-1544-4BFF-8C7E-065CE5A6C571}.Release|Any CPU.Build.0 = Release|Any CPU
	EndGlobalSection
	GlobalSection(SolutionProperties) = preSolution
		HideSolutionNode = FALSE
	EndGlobalSection
EndGlobal
